
Microsoft Visual Studio Solution File, Format Version 12.00
Project("{FAE04EC0-301F-11D3-BF4B-00C04F79EFBC}") = "WpfApp", "WpfApp\WpfApp.csproj", "{5E1E4CCA-D657-40B6-9B94-D8F8859A77D0}"
EndProject
Global
	GlobalSection(SolutionConfigurationPlatforms) = preSolution
		Debug|Any CPU = Debug|Any CPU
		Release|Any CPU = Release|Any CPU
	EndGlobalSection
	GlobalSection(ProjectConfigurationPlatforms) = postSolution
		{5E1E4CCA-D657-40B6-9B94-D8F8859A77D0}.Debug|Any CPU.ActiveCfg = Debug|Any CPU
		{5E1E4CCA-D657-40B6-9B94-D8F8859A77D0}.Debug|Any CPU.Build.0 = Debug|Any CPU
		{5E1E4CCA-D657-40B6-9B94-D8F8859A77D0}.Release|Any CPU.ActiveCfg = Release|Any CPU
		{5E1E4CCA-D657-40B6-9B94-D8F8859A77D0}.Release|Any CPU.Build.0 = Release|Any CPU
	EndGlobalSection
EndGlobal
